<?xml version="1.0" encoding="utf-8"?>
<Project ToolsVersion="4.0" xmlns="http://schemas.microsoft.com/developer/msbuild/2003">
  <ItemGroup>
    <Filter Include="Framework">
      <UniqueIdentifier>{4FC737F1-C7A5-4376-A066-2A32D752A2FF}</UniqueIdentifier>
      <Extensions>cpp;c;cc;cxx;c++;cppm;ixx;def;odl;idl;hpj;bat;asm;asmx</Extensions>
    </Filter>
    <Filter Include="Unit Tests">
      <UniqueIdentifier>{b24c8830-2b12-4ab6-b1d4-3cd6bb66e9c6}</UniqueIdentifier>
    </Filter>
  </ItemGroup>
  <ItemGroup>
    <ClInclude Include="GameCommon.hpp">
      <Filter>Framework</Filter>
    </ClInclude>
    <ClInclude Include="UnitTests_MP1A1.hpp">
      <Filter>Unit Tests</Filter>
    </ClInclude>
    <ClInclude Include="UnitTests_Custom.hpp">
      <Filter>Unit Tests</Filter>
    </ClInclude>
    <ClInclude Include="UnitTests_MP1A2.hpp">
      <Filter>Unit Tests</Filter>
    </ClInclude>
    <ClInclude Include="UnitTests_MP1A3.hpp">
      <Filter>Unit Tests</Filter>
    </ClInclude>
    <ClInclude Include="UnitTests_MP1A4.hpp">
      <Filter>Unit Tests</Filter>
    </ClInclude>
    <ClInclude Include="UnitTests_MP1A7.hpp">
      <Filter>Unit Tests</Filter>
    </ClInclude>
    <ClInclude Include="UnitTests_MP2A1.hpp">
      <Filter>Unit Tests</Filter>
    </ClInclude>
    <ClInclude Include="UnitTests_MP2A2.hpp">
      <Filter>Unit Tests</Filter>
    </ClInclude>
  </ItemGroup>
  <ItemGroup>
    <ClCompile Include="Main.cpp">
      <Filter>Framework</Filter>
    </ClCompile>
    <ClCompile Include="UnitTests_MP1A1.cpp">
      <Filter>Unit Tests</Filter>
    </ClCompile>
    <ClCompile Include="UnitTests_Custom.cpp">
      <Filter>Unit Tests</Filter>
    </ClCompile>
    <ClCompile Include="UnitTests_MP1A2.cpp">
      <Filter>Unit Tests</Filter>
    </ClCompile>
    <ClCompile Include="UnitTests_MP1A3.cpp">
      <Filter>Unit Tests</Filter>
    </ClCompile>
    <ClCompile Include="UnitTests_MP1A4.cpp">
      <Filter>Unit Tests</Filter>
    </ClCompile>
    <ClCompile Include="UnitTests_MP1A7.cpp">
      <Filter>Unit Tests</Filter>
    </ClCompile>
    <ClCompile Include="UnitTests_MP2A1.cpp">
      <Filter>Unit Tests</Filter>
    </ClCompile>
    <ClCompile Include="UnitTests_MP2A2.cpp">
      <Filter>Unit Tests</Filter>
    </ClCompile>
  </ItemGroup>
</Project>