<?xml version="1.0" encoding="utf-8"?>
<Project ToolsVersion="4.0" xmlns="http://schemas.microsoft.com/developer/msbuild/2003">
  <ItemGroup>
    <Filter Include="Framework">
      <UniqueIdentifier>{4FC737F1-C7A5-4376-A066-2A32D752A2FF}</UniqueIdentifier>
      <Extensions>cpp;c;cc;cxx;c++;cppm;ixx;def;odl;idl;hpj;bat;asm;asmx</Extensions>
    </Filter>
    <Filter Include="Gameplay">
      <UniqueIdentifier>{b24c8830-2b12-4ab6-b1d4-3cd6bb66e9c6}</UniqueIdentifier>
    </Filter>
    <Filter Include="Gameplay\3D Entity">
      <UniqueIdentifier>{8f8413cc-6352-4be2-89d2-d60be6d71130}</UniqueIdentifier>
    </Filter>
  </ItemGroup>
  <ItemGroup>
    <ClCompile Include="Main_Windows.cpp">
      <Filter>Framework</Filter>
    </ClCompile>
    <ClCompile Include="App.cpp">
      <Filter>Gameplay</Filter>
    </ClCompile>
    <ClCompile Include="Game.cpp">
      <Filter>Gameplay</Filter>
    </ClCompile>
    <ClCompile Include="GameCommon.cpp">
      <Filter>Gameplay</Filter>
    </ClCompile>
    <ClCompile Include="GameNearestPoint.cpp">
      <Filter>Gameplay</Filter>
    </ClCompile>
    <ClCompile Include="GameRayCastVSDiscs.cpp">
      <Filter>Gameplay</Filter>
    </ClCompile>
    <ClCompile Include="GameRayCastVSLine.cpp">
      <Filter>Gameplay</Filter>
    </ClCompile>
    <ClCompile Include="GameRayCastVSAABB2.cpp">
      <Filter>Gameplay</Filter>
    </ClCompile>
    <ClCompile Include="Game3D.hpp">
      <Filter>Gameplay</Filter>
    </ClCompile>
    <ClCompile Include="Entity.cpp">
      <Filter>Gameplay\3D Entity</Filter>
    </ClCompile>
    <ClCompile Include="Player.cpp">
      <Filter>Gameplay\3D Entity</Filter>
    </ClCompile>
    <ClCompile Include="Prop.cpp">
      <Filter>Gameplay\3D Entity</Filter>
    </ClCompile>
    <ClCompile Include="Game3D.cpp">
      <Filter>Gameplay</Filter>
    </ClCompile>
    <ClCompile Include="Game2DCurve.cpp">
      <Filter>Gameplay</Filter>
    </ClCompile>
    <ClCompile Include="GamePachinko2D.cpp">
      <Filter>Gameplay</Filter>
    </ClCompile>
  </ItemGroup>
  <ItemGroup>
    <ClInclude Include="App.hpp">
      <Filter>Gameplay</Filter>
    </ClInclude>
    <ClInclude Include="Game.hpp">
      <Filter>Gameplay</Filter>
    </ClInclude>
    <ClInclude Include="GameCommon.hpp">
      <Filter>Gameplay</Filter>
    </ClInclude>
    <ClInclude Include="EngineBuildPreferences.hpp" />
    <ClInclude Include="GameNearestPoint.hpp">
      <Filter>Gameplay</Filter>
    </ClInclude>
    <ClInclude Include="GameRayCastVSDiscs.hpp">
      <Filter>Gameplay</Filter>
    </ClInclude>
    <ClInclude Include="GameRayCastVSLine.hpp">
      <Filter>Gameplay</Filter>
    </ClInclude>
    <ClInclude Include="GameRayCastVSAABB2.hpp">
      <Filter>Gameplay</Filter>
    </ClInclude>
    <ClInclude Include="Entity.hpp">
      <Filter>Gameplay\3D Entity</Filter>
    </ClInclude>
    <ClInclude Include="Player.hpp">
      <Filter>Gameplay\3D Entity</Filter>
    </ClInclude>
    <ClInclude Include="Prop.hpp">
      <Filter>Gameplay\3D Entity</Filter>
    </ClInclude>
    <ClInclude Include="Game2DCurve.hpp">
      <Filter>Gameplay</Filter>
    </ClInclude>
    <ClInclude Include="GamePachinko2D.hpp">
      <Filter>Gameplay</Filter>
    </ClInclude>
  </ItemGroup>
  <ItemGroup>
    <Text Include="..\..\README.txt" />
  </ItemGroup>
</Project>